
Microsoft Visual Studio Solution File, Format Version 12.00
# Visual Studio Version 17
VisualStudioVersion = 17.4.33205.214
MinimumVisualStudioVersion = 10.0.40219.1
Project("{FAE04EC0-301F-11D3-BF4B-00C04F79EFBC}") = "AssetsNet.API", "AssetsNet.API\AssetsNet.API.csproj", "{65F43B39-A6FD-45D2-9DDF-0735F91AE2AA}"
EndProject
Global
	GlobalSection(SolutionConfigurationPlatforms) = preSolution
		Debug|Any CPU = Debug|Any CPU
		Release|Any CPU = Release|Any CPU
	EndGlobalSection
	GlobalSection(ProjectConfigurationPlatforms) = postSolution
		{65F43B39-A6FD-45D2-9DDF-0735F91AE2AA}.Debug|Any CPU.ActiveCfg = Debug|Any CPU
		{65F43B39-A6FD-45D2-9DDF-0735F91AE2AA}.Debug|Any CPU.Build.0 = Debug|Any CPU
		{65F43B39-A6FD-45D2-9DDF-0735F91AE2AA}.Release|Any CPU.ActiveCfg = Release|Any CPU
		{65F43B39-A6FD-45D2-9DDF-0735F91AE2AA}.Release|Any CPU.Build.0 = Release|Any CPU
	EndGlobalSection
	GlobalSection(SolutionProperties) = preSolution
		HideSolutionNode = FALSE
	EndGlobalSection
	GlobalSection(ExtensibilityGlobals) = postSolution
		SolutionGuid = {22D69D37-EA52-4793-8FD5-626D4873A4A7}
	EndGlobalSection
EndGlobal
